
Microsoft Visual Studio Solution File, Format Version 12.00
# Visual Studio 2013
VisualStudioVersion = 12.0.40629.0
MinimumVisualStudioVersion = 10.0.40219.1
Project("{FAE04EC0-301F-11D3-BF4B-00C04F79EFBC}") = "ZurrapaLoader", "ZurrapaLoader\ZurrapaLoader.csproj", "{35DC75FF-A6B8-4430-82E9-D26C81E7E2E1}"
EndProject
Project("{FAE04EC0-301F-11D3-BF4B-00C04F79EFBC}") = "ZurrapaDLL", "ZurrapaDLL\ZurrapaDLL.csproj", "{1738A917-14F4-4D71-8B12-07968F9DC61B}"
EndProject
Project("{2150E333-8FDC-42A3-9474-1A3956D46DE8}") = ".nuget", ".nuget", "{B6D571C4-D0FA-4214-8546-86AE83148FDB}"
EndProject
Project("{8BC9CEB8-8B4A-11D0-8D11-00A0C91BC942}") = "zurrapa", "cheto\cheto.vcxproj", "{0C56D53E-11CE-4287-B213-022E95B5594C}"
EndProject
Project("{FAE04EC0-301F-11D3-BF4B-00C04F79EFBC}") = "ZurrapaLoaderLAN", "ZurrapaLoaderLAN\ZurrapaLoaderLAN.csproj", "{62AC5E87-9845-4452-8E79-90215F3450A3}"
EndProject
Global
	GlobalSection(SolutionConfigurationPlatforms) = preSolution
		.exe|Any CPU = .exe|Any CPU
		.exe|Mixed Platforms = .exe|Mixed Platforms
		.exe|Win32 = .exe|Win32
		.exe|x64 = .exe|x64
		.exe|x86 = .exe|x86
		Debug|Any CPU = Debug|Any CPU
		Debug|Mixed Platforms = Debug|Mixed Platforms
		Debug|Win32 = Debug|Win32
		Debug|x64 = Debug|x64
		Debug|x86 = Debug|x86
		Release|Any CPU = Release|Any CPU
		Release|Mixed Platforms = Release|Mixed Platforms
		Release|Win32 = Release|Win32
		Release|x64 = Release|x64
		Release|x86 = Release|x86
		test|Any CPU = test|Any CPU
		test|Mixed Platforms = test|Mixed Platforms
		test|Win32 = test|Win32
		test|x64 = test|x64
		test|x86 = test|x86
		tests|Any CPU = tests|Any CPU
		tests|Mixed Platforms = tests|Mixed Platforms
		tests|Win32 = tests|Win32
		tests|x64 = tests|x64
		tests|x86 = tests|x86
	EndGlobalSection
	GlobalSection(ProjectConfigurationPlatforms) = postSolution
		{35DC75FF-A6B8-4430-82E9-D26C81E7E2E1}..exe|Any CPU.ActiveCfg = Release|Any CPU
		{35DC75FF-A6B8-4430-82E9-D26C81E7E2E1}..exe|Any CPU.Build.0 = Release|Any CPU
		{35DC75FF-A6B8-4430-82E9-D26C81E7E2E1}..exe|Mixed Platforms.ActiveCfg = Release|x86
		{35DC75FF-A6B8-4430-82E9-D26C81E7E2E1}..exe|Mixed Platforms.Build.0 = Release|x86
		{35DC75FF-A6B8-4430-82E9-D26C81E7E2E1}..exe|Win32.ActiveCfg = Release|x86
		{35DC75FF-A6B8-4430-82E9-D26C81E7E2E1}..exe|Win32.Build.0 = Release|x86
		{35DC75FF-A6B8-4430-82E9-D26C81E7E2E1}..exe|x64.ActiveCfg = Release|x64
		{35DC75FF-A6B8-4430-82E9-D26C81E7E2E1}..exe|x64.Build.0 = Release|x64
		{35DC75FF-A6B8-4430-82E9-D26C81E7E2E1}..exe|x86.ActiveCfg = Release|x86
		{35DC75FF-A6B8-4430-82E9-D26C81E7E2E1}..exe|x86.Build.0 = Release|x86
		{35DC75FF-A6B8-4430-82E9-D26C81E7E2E1}.Debug|Any CPU.ActiveCfg = Debug|Any CPU
		{35DC75FF-A6B8-4430-82E9-D26C81E7E2E1}.Debug|Any CPU.Build.0 = Debug|Any CPU
		{35DC75FF-A6B8-4430-82E9-D26C81E7E2E1}.Debug|Mixed Platforms.ActiveCfg = Debug|x86
		{35DC75FF-A6B8-4430-82E9-D26C81E7E2E1}.Debug|Mixed Platforms.Build.0 = Debug|x86
		{35DC75FF-A6B8-4430-82E9-D26C81E7E2E1}.Debug|Win32.ActiveCfg = Debug|x86
		{35DC75FF-A6B8-4430-82E9-D26C81E7E2E1}.Debug|Win32.Build.0 = Debug|x86
		{35DC75FF-A6B8-4430-82E9-D26C81E7E2E1}.Debug|x64.ActiveCfg = Debug|x64
		{35DC75FF-A6B8-4430-82E9-D26C81E7E2E1}.Debug|x64.Build.0 = Debug|x64
		{35DC75FF-A6B8-4430-82E9-D26C81E7E2E1}.Debug|x86.ActiveCfg = Debug|x86
		{35DC75FF-A6B8-4430-82E9-D26C81E7E2E1}.Debug|x86.Build.0 = Debug|x86
		{35DC75FF-A6B8-4430-82E9-D26C81E7E2E1}.Release|Any CPU.ActiveCfg = Release|Any CPU
		{35DC75FF-A6B8-4430-82E9-D26C81E7E2E1}.Release|Any CPU.Build.0 = Release|Any CPU
		{35DC75FF-A6B8-4430-82E9-D26C81E7E2E1}.Release|Mixed Platforms.ActiveCfg = Release|x86
		{35DC75FF-A6B8-4430-82E9-D26C81E7E2E1}.Release|Mixed Platforms.Build.0 = Release|x86
		{35DC75FF-A6B8-4430-82E9-D26C81E7E2E1}.Release|Win32.ActiveCfg = Release|x86
		{35DC75FF-A6B8-4430-82E9-D26C81E7E2E1}.Release|Win32.Build.0 = Release|x86
		{35DC75FF-A6B8-4430-82E9-D26C81E7E2E1}.Release|x64.ActiveCfg = Release|x64
		{35DC75FF-A6B8-4430-82E9-D26C81E7E2E1}.Release|x64.Build.0 = Release|x64
		{35DC75FF-A6B8-4430-82E9-D26C81E7E2E1}.Release|x86.ActiveCfg = Release|x86
		{35DC75FF-A6B8-4430-82E9-D26C81E7E2E1}.Release|x86.Build.0 = Release|x86
		{35DC75FF-A6B8-4430-82E9-D26C81E7E2E1}.test|Any CPU.ActiveCfg = Release|Any CPU
		{35DC75FF-A6B8-4430-82E9-D26C81E7E2E1}.test|Any CPU.Build.0 = Release|Any CPU
		{35DC75FF-A6B8-4430-82E9-D26C81E7E2E1}.test|Mixed Platforms.ActiveCfg = Release|x86
		{35DC75FF-A6B8-4430-82E9-D26C81E7E2E1}.test|Mixed Platforms.Build.0 = Release|x86
		{35DC75FF-A6B8-4430-82E9-D26C81E7E2E1}.test|Win32.ActiveCfg = Release|x86
		{35DC75FF-A6B8-4430-82E9-D26C81E7E2E1}.test|Win32.Build.0 = Release|x86
		{35DC75FF-A6B8-4430-82E9-D26C81E7E2E1}.test|x64.ActiveCfg = Release|x64
		{35DC75FF-A6B8-4430-82E9-D26C81E7E2E1}.test|x64.Build.0 = Release|x64
		{35DC75FF-A6B8-4430-82E9-D26C81E7E2E1}.test|x86.ActiveCfg = Release|x86
		{35DC75FF-A6B8-4430-82E9-D26C81E7E2E1}.test|x86.Build.0 = Release|x86
		{35DC75FF-A6B8-4430-82E9-D26C81E7E2E1}.tests|Any CPU.ActiveCfg = Release|Any CPU
		{35DC75FF-A6B8-4430-82E9-D26C81E7E2E1}.tests|Any CPU.Build.0 = Release|Any CPU
		{35DC75FF-A6B8-4430-82E9-D26C81E7E2E1}.tests|Mixed Platforms.ActiveCfg = Release|x86
		{35DC75FF-A6B8-4430-82E9-D26C81E7E2E1}.tests|Mixed Platforms.Build.0 = Release|x86
		{35DC75FF-A6B8-4430-82E9-D26C81E7E2E1}.tests|Win32.ActiveCfg = Release|x86
		{35DC75FF-A6B8-4430-82E9-D26C81E7E2E1}.tests|Win32.Build.0 = Release|x86
		{35DC75FF-A6B8-4430-82E9-D26C81E7E2E1}.tests|x64.ActiveCfg = Release|x64
		{35DC75FF-A6B8-4430-82E9-D26C81E7E2E1}.tests|x64.Build.0 = Release|x64
		{35DC75FF-A6B8-4430-82E9-D26C81E7E2E1}.tests|x86.ActiveCfg = Release|x86
		{35DC75FF-A6B8-4430-82E9-D26C81E7E2E1}.tests|x86.Build.0 = Release|x86
		{1738A917-14F4-4D71-8B12-07968F9DC61B}..exe|Any CPU.ActiveCfg = Release|Any CPU
		{1738A917-14F4-4D71-8B12-07968F9DC61B}..exe|Any CPU.Build.0 = Release|Any CPU
		{1738A917-14F4-4D71-8B12-07968F9DC61B}..exe|Mixed Platforms.ActiveCfg = Release|Any CPU
		{1738A917-14F4-4D71-8B12-07968F9DC61B}..exe|Mixed Platforms.Build.0 = Release|Any CPU
		{1738A917-14F4-4D71-8B12-07968F9DC61B}..exe|Win32.ActiveCfg = Release|Any CPU
		{1738A917-14F4-4D71-8B12-07968F9DC61B}..exe|x64.ActiveCfg = Release|Any CPU
		{1738A917-14F4-4D71-8B12-07968F9DC61B}..exe|x86.ActiveCfg = Release|Any CPU
		{1738A917-14F4-4D71-8B12-07968F9DC61B}.Debug|Any CPU.ActiveCfg = Debug|Any CPU
		{1738A917-14F4-4D71-8B12-07968F9DC61B}.Debug|Any CPU.Build.0 = Debug|Any CPU
		{1738A917-14F4-4D71-8B12-07968F9DC61B}.Debug|Mixed Platforms.ActiveCfg = Debug|Any CPU
		{1738A917-14F4-4D71-8B12-07968F9DC61B}.Debug|Mixed Platforms.Build.0 = Debug|Any CPU
		{1738A917-14F4-4D71-8B12-07968F9DC61B}.Debug|Win32.ActiveCfg = Debug|Any CPU
		{1738A917-14F4-4D71-8B12-07968F9DC61B}.Debug|x64.ActiveCfg = Debug|Any CPU
		{1738A917-14F4-4D71-8B12-07968F9DC61B}.Debug|x64.Build.0 = Debug|Any CPU
		{1738A917-14F4-4D71-8B12-07968F9DC61B}.Debug|x86.ActiveCfg = Debug|Any CPU
		{1738A917-14F4-4D71-8B12-07968F9DC61B}.Debug|x86.Build.0 = Debug|Any CPU
		{1738A917-14F4-4D71-8B12-07968F9DC61B}.Release|Any CPU.ActiveCfg = Release|Any CPU
		{1738A917-14F4-4D71-8B12-07968F9DC61B}.Release|Any CPU.Build.0 = Release|Any CPU
		{1738A917-14F4-4D71-8B12-07968F9DC61B}.Release|Mixed Platforms.ActiveCfg = Release|Any CPU
		{1738A917-14F4-4D71-8B12-07968F9DC61B}.Release|Mixed Platforms.Build.0 = Release|Any CPU
		{1738A917-14F4-4D71-8B12-07968F9DC61B}.Release|Win32.ActiveCfg = Release|Any CPU
		{1738A917-14F4-4D71-8B12-07968F9DC61B}.Release|x64.ActiveCfg = Release|Any CPU
		{1738A917-14F4-4D71-8B12-07968F9DC61B}.Release|x64.Build.0 = Release|Any CPU
		{1738A917-14F4-4D71-8B12-07968F9DC61B}.Release|x86.ActiveCfg = Release|Any CPU
		{1738A917-14F4-4D71-8B12-07968F9DC61B}.Release|x86.Build.0 = Release|Any CPU
		{1738A917-14F4-4D71-8B12-07968F9DC61B}.test|Any CPU.ActiveCfg = Release|Any CPU
		{1738A917-14F4-4D71-8B12-07968F9DC61B}.test|Any CPU.Build.0 = Release|Any CPU
		{1738A917-14F4-4D71-8B12-07968F9DC61B}.test|Mixed Platforms.ActiveCfg = Release|Any CPU
		{1738A917-14F4-4D71-8B12-07968F9DC61B}.test|Mixed Platforms.Build.0 = Release|Any CPU
		{1738A917-14F4-4D71-8B12-07968F9DC61B}.test|Win32.ActiveCfg = Release|Any CPU
		{1738A917-14F4-4D71-8B12-07968F9DC61B}.test|x64.ActiveCfg = Release|Any CPU
		{1738A917-14F4-4D71-8B12-07968F9DC61B}.test|x86.ActiveCfg = Release|Any CPU
		{1738A917-14F4-4D71-8B12-07968F9DC61B}.tests|Any CPU.ActiveCfg = Release|Any CPU
		{1738A917-14F4-4D71-8B12-07968F9DC61B}.tests|Any CPU.Build.0 = Release|Any CPU
		{1738A917-14F4-4D71-8B12-07968F9DC61B}.tests|Mixed Platforms.ActiveCfg = Release|Any CPU
		{1738A917-14F4-4D71-8B12-07968F9DC61B}.tests|Mixed Platforms.Build.0 = Release|Any CPU
		{1738A917-14F4-4D71-8B12-07968F9DC61B}.tests|Win32.ActiveCfg = Release|Any CPU
		{1738A917-14F4-4D71-8B12-07968F9DC61B}.tests|x64.ActiveCfg = Release|Any CPU
		{1738A917-14F4-4D71-8B12-07968F9DC61B}.tests|x86.ActiveCfg = Release|Any CPU
		{0C56D53E-11CE-4287-B213-022E95B5594C}..exe|Any CPU.ActiveCfg = .exe|Win32
		{0C56D53E-11CE-4287-B213-022E95B5594C}..exe|Mixed Platforms.ActiveCfg = .exe|Win32
		{0C56D53E-11CE-4287-B213-022E95B5594C}..exe|Mixed Platforms.Build.0 = .exe|Win32
		{0C56D53E-11CE-4287-B213-022E95B5594C}..exe|Win32.ActiveCfg = .exe|Win32
		{0C56D53E-11CE-4287-B213-022E95B5594C}..exe|Win32.Build.0 = .exe|Win32
		{0C56D53E-11CE-4287-B213-022E95B5594C}..exe|x64.ActiveCfg = .exe|Win32
		{0C56D53E-11CE-4287-B213-022E95B5594C}..exe|x86.ActiveCfg = .exe|Win32
		{0C56D53E-11CE-4287-B213-022E95B5594C}..exe|x86.Build.0 = .exe|Win32
		{0C56D53E-11CE-4287-B213-022E95B5594C}.Debug|Any CPU.ActiveCfg = Debug|Win32
		{0C56D53E-11CE-4287-B213-022E95B5594C}.Debug|Mixed Platforms.ActiveCfg = Debug|Win32
		{0C56D53E-11CE-4287-B213-022E95B5594C}.Debug|Mixed Platforms.Build.0 = Debug|Win32
		{0C56D53E-11CE-4287-B213-022E95B5594C}.Debug|Win32.ActiveCfg = Debug|Win32
		{0C56D53E-11CE-4287-B213-022E95B5594C}.Debug|Win32.Build.0 = Debug|Win32
		{0C56D53E-11CE-4287-B213-022E95B5594C}.Debug|x64.ActiveCfg = Debug|Win32
		{0C56D53E-11CE-4287-B213-022E95B5594C}.Debug|x86.ActiveCfg = Debug|Win32
		{0C56D53E-11CE-4287-B213-022E95B5594C}.Debug|x86.Build.0 = Debug|Win32
		{0C56D53E-11CE-4287-B213-022E95B5594C}.Release|Any CPU.ActiveCfg = Release|Win32
		{0C56D53E-11CE-4287-B213-022E95B5594C}.Release|Mixed Platforms.ActiveCfg = Release|Win32
		{0C56D53E-11CE-4287-B213-022E95B5594C}.Release|Mixed Platforms.Build.0 = Release|Win32
		{0C56D53E-11CE-4287-B213-022E95B5594C}.Release|Win32.ActiveCfg = Release|Win32
		{0C56D53E-11CE-4287-B213-022E95B5594C}.Release|Win32.Build.0 = Release|Win32
		{0C56D53E-11CE-4287-B213-022E95B5594C}.Release|x64.ActiveCfg = Release|Win32
		{0C56D53E-11CE-4287-B213-022E95B5594C}.Release|x86.ActiveCfg = Release|Win32
		{0C56D53E-11CE-4287-B213-022E95B5594C}.Release|x86.Build.0 = Release|Win32
		{0C56D53E-11CE-4287-B213-022E95B5594C}.test|Any CPU.ActiveCfg = test|Win32
		{0C56D53E-11CE-4287-B213-022E95B5594C}.test|Mixed Platforms.ActiveCfg = test|Win32
		{0C56D53E-11CE-4287-B213-022E95B5594C}.test|Mixed Platforms.Build.0 = test|Win32
		{0C56D53E-11CE-4287-B213-022E95B5594C}.test|Win32.ActiveCfg = test|Win32
		{0C56D53E-11CE-4287-B213-022E95B5594C}.test|Win32.Build.0 = test|Win32
		{0C56D53E-11CE-4287-B213-022E95B5594C}.test|x64.ActiveCfg = test|Win32
		{0C56D53E-11CE-4287-B213-022E95B5594C}.test|x86.ActiveCfg = test|Win32
		{0C56D53E-11CE-4287-B213-022E95B5594C}.test|x86.Build.0 = test|Win32
		{0C56D53E-11CE-4287-B213-022E95B5594C}.tests|Any CPU.ActiveCfg = tests|Win32
		{0C56D53E-11CE-4287-B213-022E95B5594C}.tests|Mixed Platforms.ActiveCfg = tests|Win32
		{0C56D53E-11CE-4287-B213-022E95B5594C}.tests|Mixed Platforms.Build.0 = tests|Win32
		{0C56D53E-11CE-4287-B213-022E95B5594C}.tests|Win32.ActiveCfg = tests|Win32
		{0C56D53E-11CE-4287-B213-022E95B5594C}.tests|Win32.Build.0 = tests|Win32
		{0C56D53E-11CE-4287-B213-022E95B5594C}.tests|x64.ActiveCfg = tests|Win32
		{0C56D53E-11CE-4287-B213-022E95B5594C}.tests|x86.ActiveCfg = tests|Win32
		{0C56D53E-11CE-4287-B213-022E95B5594C}.tests|x86.Build.0 = tests|Win32
		{62AC5E87-9845-4452-8E79-90215F3450A3}..exe|Any CPU.ActiveCfg = Release|Any CPU
		{62AC5E87-9845-4452-8E79-90215F3450A3}..exe|Any CPU.Build.0 = Release|Any CPU
		{62AC5E87-9845-4452-8E79-90215F3450A3}..exe|Mixed Platforms.ActiveCfg = Release|x86
		{62AC5E87-9845-4452-8E79-90215F3450A3}..exe|Mixed Platforms.Build.0 = Release|x86
		{62AC5E87-9845-4452-8E79-90215F3450A3}..exe|Win32.ActiveCfg = Release|x86
		{62AC5E87-9845-4452-8E79-90215F3450A3}..exe|Win32.Build.0 = Release|x86
		{62AC5E87-9845-4452-8E79-90215F3450A3}..exe|x64.ActiveCfg = Release|x64
		{62AC5E87-9845-4452-8E79-90215F3450A3}..exe|x64.Build.0 = Release|x64
		{62AC5E87-9845-4452-8E79-90215F3450A3}..exe|x86.ActiveCfg = Release|x86
		{62AC5E87-9845-4452-8E79-90215F3450A3}..exe|x86.Build.0 = Release|x86
		{62AC5E87-9845-4452-8E79-90215F3450A3}.Debug|Any CPU.ActiveCfg = Debug|Any CPU
		{62AC5E87-9845-4452-8E79-90215F3450A3}.Debug|Any CPU.Build.0 = Debug|Any CPU
		{62AC5E87-9845-4452-8E79-90215F3450A3}.Debug|Mixed Platforms.ActiveCfg = Debug|x86
		{62AC5E87-9845-4452-8E79-90215F3450A3}.Debug|Mixed Platforms.Build.0 = Debug|x86
		{62AC5E87-9845-4452-8E79-90215F3450A3}.Debug|Win32.ActiveCfg = Debug|x86
		{62AC5E87-9845-4452-8E79-90215F3450A3}.Debug|Win32.Build.0 = Debug|x86
		{62AC5E87-9845-4452-8E79-90215F3450A3}.Debug|x64.ActiveCfg = Debug|x64
		{62AC5E87-9845-4452-8E79-90215F3450A3}.Debug|x64.Build.0 = Debug|x64
		{62AC5E87-9845-4452-8E79-90215F3450A3}.Debug|x86.ActiveCfg = Debug|x86
		{62AC5E87-9845-4452-8E79-90215F3450A3}.Debug|x86.Build.0 = Debug|x86
		{62AC5E87-9845-4452-8E79-90215F3450A3}.Release|Any CPU.ActiveCfg = Release|Any CPU
		{62AC5E87-9845-4452-8E79-90215F3450A3}.Release|Any CPU.Build.0 = Release|Any CPU
		{62AC5E87-9845-4452-8E79-90215F3450A3}.Release|Mixed Platforms.ActiveCfg = Release|x86
		{62AC5E87-9845-4452-8E79-90215F3450A3}.Release|Mixed Platforms.Build.0 = Release|x86
		{62AC5E87-9845-4452-8E79-90215F3450A3}.Release|Win32.ActiveCfg = Release|x86
		{62AC5E87-9845-4452-8E79-90215F3450A3}.Release|Win32.Build.0 = Release|x86
		{62AC5E87-9845-4452-8E79-90215F3450A3}.Release|x64.ActiveCfg = Release|x64
		{62AC5E87-9845-4452-8E79-90215F3450A3}.Release|x64.Build.0 = Release|x64
		{62AC5E87-9845-4452-8E79-90215F3450A3}.Release|x86.ActiveCfg = Release|x86
		{62AC5E87-9845-4452-8E79-90215F3450A3}.Release|x86.Build.0 = Release|x86
		{62AC5E87-9845-4452-8E79-90215F3450A3}.test|Any CPU.ActiveCfg = Release|Any CPU
		{62AC5E87-9845-4452-8E79-90215F3450A3}.test|Any CPU.Build.0 = Release|Any CPU
		{62AC5E87-9845-4452-8E79-90215F3450A3}.test|Mixed Platforms.ActiveCfg = Release|x86
		{62AC5E87-9845-4452-8E79-90215F3450A3}.test|Mixed Platforms.Build.0 = Release|x86
		{62AC5E87-9845-4452-8E79-90215F3450A3}.test|Win32.ActiveCfg = Release|x86
		{62AC5E87-9845-4452-8E79-90215F3450A3}.test|Win32.Build.0 = Release|x86
		{62AC5E87-9845-4452-8E79-90215F3450A3}.test|x64.ActiveCfg = Release|x64
		{62AC5E87-9845-4452-8E79-90215F3450A3}.test|x64.Build.0 = Release|x64
		{62AC5E87-9845-4452-8E79-90215F3450A3}.test|x86.ActiveCfg = Release|x86
		{62AC5E87-9845-4452-8E79-90215F3450A3}.test|x86.Build.0 = Release|x86
		{62AC5E87-9845-4452-8E79-90215F3450A3}.tests|Any CPU.ActiveCfg = Release|Any CPU
		{62AC5E87-9845-4452-8E79-90215F3450A3}.tests|Any CPU.Build.0 = Release|Any CPU
		{62AC5E87-9845-4452-8E79-90215F3450A3}.tests|Mixed Platforms.ActiveCfg = Release|x86
		{62AC5E87-9845-4452-8E79-90215F3450A3}.tests|Mixed Platforms.Build.0 = Release|x86
		{62AC5E87-9845-4452-8E79-90215F3450A3}.tests|Win32.ActiveCfg = Release|x86
		{62AC5E87-9845-4452-8E79-90215F3450A3}.tests|Win32.Build.0 = Release|x86
		{62AC5E87-9845-4452-8E79-90215F3450A3}.tests|x64.ActiveCfg = Release|x64
		{62AC5E87-9845-4452-8E79-90215F3450A3}.tests|x64.Build.0 = Release|x64
		{62AC5E87-9845-4452-8E79-90215F3450A3}.tests|x86.ActiveCfg = Release|x86
		{62AC5E87-9845-4452-8E79-90215F3450A3}.tests|x86.Build.0 = Release|x86
	EndGlobalSection
	GlobalSection(SolutionProperties) = preSolution
		HideSolutionNode = FALSE
	EndGlobalSection
EndGlobal
