<?xml version="1.0" encoding="utf-8"?>
<Project ToolsVersion="4.0" xmlns="http://schemas.microsoft.com/developer/msbuild/2003">
  <ItemGroup>
    <ClCompile Include="Main.cpp" />
    <ClCompile Include="..\cheto\Dumper\NetVarManager.cpp">
      <Filter>zurrapa.normal\Dumper</Filter>
    </ClCompile>
    <ClCompile Include="..\cheto\Dumper\OffsetManager.cpp">
      <Filter>zurrapa.normal\Dumper</Filter>
    </ClCompile>
    <ClCompile Include="..\cheto\Dumper\Remote.cpp">
      <Filter>zurrapa.normal\Dumper</Filter>
    </ClCompile>
    <ClCompile Include="..\cheto\Aimbot.cpp">
      <Filter>zurrapa.normal</Filter>
    </ClCompile>
    <ClCompile Include="..\cheto\Bunnyhop.cpp">
      <Filter>zurrapa.normal</Filter>
    </ClCompile>
    <ClCompile Include="..\cheto\EntityPlayer.cpp">
      <Filter>zurrapa.normal</Filter>
    </ClCompile>
    <ClCompile Include="..\cheto\ini.cpp">
      <Filter>zurrapa.normal</Filter>
    </ClCompile>
    <ClCompile Include="..\cheto\INIReader.cpp">
      <Filter>zurrapa.normal</Filter>
    </ClCompile>
    <ClCompile Include="..\cheto\LocalPlayer.cpp">
      <Filter>zurrapa.normal</Filter>
    </ClCompile>
    <ClCompile Include="..\cheto\Misc.cpp">
      <Filter>zurrapa.normal</Filter>
    </ClCompile>
    <ClCompile Include="..\cheto\Offsets.cpp">
      <Filter>zurrapa.normal</Filter>
    </ClCompile>
    <ClCompile Include="..\cheto\Printing.cpp">
      <Filter>zurrapa.normal</Filter>
    </ClCompile>
    <ClCompile Include="..\cheto\Triggerbot.cpp">
      <Filter>zurrapa.normal</Filter>
    </ClCompile>
    <ClCompile Include="..\cheto\WeaponConfig.cpp">
      <Filter>zurrapa.normal</Filter>
    </ClCompile>
    <ClCompile Include="..\cheto\Settings.cpp">
      <Filter>zurrapa.normal</Filter>
    </ClCompile>
    <ClCompile Include="..\cheto\Process.cpp">
      <Filter>zurrapa.normal</Filter>
    </ClCompile>
    <ClCompile Include="..\cheto\Secure.cpp">
      <Filter>zurrapa.normal</Filter>
    </ClCompile>
  </ItemGroup>
  <ItemGroup>
    <Filter Include="zurrapa.normal">
      <UniqueIdentifier>{4186665c-a35b-4ac7-a059-7daa692dd965}</UniqueIdentifier>
    </Filter>
    <Filter Include="zurrapa.normal\Dumper">
      <UniqueIdentifier>{5d83f51f-6fb1-45d0-978b-9e9aa753416d}</UniqueIdentifier>
    </Filter>
  </ItemGroup>
  <ItemGroup>
    <ClInclude Include="..\cheto\Dumper\HMain.h">
      <Filter>zurrapa.normal\Dumper</Filter>
    </ClInclude>
    <ClInclude Include="..\cheto\Dumper\HNetVarManager.h">
      <Filter>zurrapa.normal\Dumper</Filter>
    </ClInclude>
    <ClInclude Include="..\cheto\Dumper\HOffsetManager.h">
      <Filter>zurrapa.normal\Dumper</Filter>
    </ClInclude>
    <ClInclude Include="..\cheto\Dumper\HRemote.h">
      <Filter>zurrapa.normal\Dumper</Filter>
    </ClInclude>
    <ClInclude Include="..\cheto\Dumper\HUtilis.h">
      <Filter>zurrapa.normal\Dumper</Filter>
    </ClInclude>
    <ClInclude Include="..\cheto\Dumper\HWin.h">
      <Filter>zurrapa.normal\Dumper</Filter>
    </ClInclude>
  </ItemGroup>
</Project>